
Microsoft Visual Studio Solution File, Format Version 12.00
# Visual Studio 15
VisualStudioVersion = 15.0.28010.2050
MinimumVisualStudioVersion = 10.0.40219.1
Project("{9A19103F-16F7-4668-BE54-9A1E7A4F7556}") = "Health.Service", "src\Health.Service\Health.Service.csproj", "{AB79CBC6-EEF2-4E55-83BE-1A529DE6E013}"
EndProject
Project("{9A19103F-16F7-4668-BE54-9A1E7A4F7556}") = "Health.Abstractions", "src\Health.Abstractions\Health.Abstractions.csproj", "{ECC0C006-5851-4E35-BD45-963B995983C1}"
EndProject
Project("{2150E333-8FDC-42A3-9474-1A3956D46DE8}") = "Tests", "Tests", "{3BF252B7-BAB2-43B6-8FF1-4F5E9F4524EB}"
EndProject
Project("{FAE04EC0-301F-11D3-BF4B-00C04F79EFBC}") = "Health.Service.Tests", "test\Health.Service.Tests\Health.Service.Tests.csproj", "{BBE37125-5FAD-4D8F-8DC8-AD93ABA38283}"
EndProject
Global
	GlobalSection(SolutionConfigurationPlatforms) = preSolution
		Debug|Any CPU = Debug|Any CPU
		Release|Any CPU = Release|Any CPU
	EndGlobalSection
	GlobalSection(ProjectConfigurationPlatforms) = postSolution
		{AB79CBC6-EEF2-4E55-83BE-1A529DE6E013}.Debug|Any CPU.ActiveCfg = Debug|Any CPU
		{AB79CBC6-EEF2-4E55-83BE-1A529DE6E013}.Debug|Any CPU.Build.0 = Debug|Any CPU
		{AB79CBC6-EEF2-4E55-83BE-1A529DE6E013}.Release|Any CPU.ActiveCfg = Release|Any CPU
		{AB79CBC6-EEF2-4E55-83BE-1A529DE6E013}.Release|Any CPU.Build.0 = Release|Any CPU
		{ECC0C006-5851-4E35-BD45-963B995983C1}.Debug|Any CPU.ActiveCfg = Debug|Any CPU
		{ECC0C006-5851-4E35-BD45-963B995983C1}.Debug|Any CPU.Build.0 = Debug|Any CPU
		{ECC0C006-5851-4E35-BD45-963B995983C1}.Release|Any CPU.ActiveCfg = Release|Any CPU
		{ECC0C006-5851-4E35-BD45-963B995983C1}.Release|Any CPU.Build.0 = Release|Any CPU
		{BBE37125-5FAD-4D8F-8DC8-AD93ABA38283}.Debug|Any CPU.ActiveCfg = Debug|Any CPU
		{BBE37125-5FAD-4D8F-8DC8-AD93ABA38283}.Debug|Any CPU.Build.0 = Debug|Any CPU
		{BBE37125-5FAD-4D8F-8DC8-AD93ABA38283}.Release|Any CPU.ActiveCfg = Release|Any CPU
		{BBE37125-5FAD-4D8F-8DC8-AD93ABA38283}.Release|Any CPU.Build.0 = Release|Any CPU
	EndGlobalSection
	GlobalSection(SolutionProperties) = preSolution
		HideSolutionNode = FALSE
	EndGlobalSection
	GlobalSection(NestedProjects) = preSolution
		{BBE37125-5FAD-4D8F-8DC8-AD93ABA38283} = {3BF252B7-BAB2-43B6-8FF1-4F5E9F4524EB}
	EndGlobalSection
	GlobalSection(ExtensibilityGlobals) = postSolution
		SolutionGuid = {7323A600-27EE-4ED0-A59B-634E2F3B8265}
	EndGlobalSection
EndGlobal
