
Microsoft Visual Studio Solution File, Format Version 12.00
# Visual Studio Version 16
VisualStudioVersion = 16.0.28803.452
MinimumVisualStudioVersion = 10.0.40219.1
Project("{FAE04EC0-301F-11D3-BF4B-00C04F79EFBC}") = "Health.Policy.Abstractions", "Health.Abstractions\Health.Policy.Abstractions.csproj", "{8CF55BEA-65F7-4746-92E1-FBFA3375FDC2}"
EndProject
Project("{FAE04EC0-301F-11D3-BF4B-00C04F79EFBC}") = "Health.Service.Abstractions", "Health.Service.Abstractions\Health.Service.Abstractions.csproj", "{62D83AC4-B3A0-4672-AE06-42BA85A27165}"
EndProject
Project("{FAE04EC0-301F-11D3-BF4B-00C04F79EFBC}") = "Health.Service.Reactive", "Health.Service.Reactive\Health.Service.Reactive.csproj", "{F83AC692-C45A-41F4-BB33-D4CED7DE4563}"
EndProject
Global
	GlobalSection(SolutionConfigurationPlatforms) = preSolution
		Debug|Any CPU = Debug|Any CPU
		Release|Any CPU = Release|Any CPU
	EndGlobalSection
	GlobalSection(ProjectConfigurationPlatforms) = postSolution
		{8CF55BEA-65F7-4746-92E1-FBFA3375FDC2}.Debug|Any CPU.ActiveCfg = Debug|Any CPU
		{8CF55BEA-65F7-4746-92E1-FBFA3375FDC2}.Debug|Any CPU.Build.0 = Debug|Any CPU
		{8CF55BEA-65F7-4746-92E1-FBFA3375FDC2}.Release|Any CPU.ActiveCfg = Release|Any CPU
		{8CF55BEA-65F7-4746-92E1-FBFA3375FDC2}.Release|Any CPU.Build.0 = Release|Any CPU
		{62D83AC4-B3A0-4672-AE06-42BA85A27165}.Debug|Any CPU.ActiveCfg = Debug|Any CPU
		{62D83AC4-B3A0-4672-AE06-42BA85A27165}.Debug|Any CPU.Build.0 = Debug|Any CPU
		{62D83AC4-B3A0-4672-AE06-42BA85A27165}.Release|Any CPU.ActiveCfg = Release|Any CPU
		{62D83AC4-B3A0-4672-AE06-42BA85A27165}.Release|Any CPU.Build.0 = Release|Any CPU
		{F83AC692-C45A-41F4-BB33-D4CED7DE4563}.Debug|Any CPU.ActiveCfg = Debug|Any CPU
		{F83AC692-C45A-41F4-BB33-D4CED7DE4563}.Debug|Any CPU.Build.0 = Debug|Any CPU
		{F83AC692-C45A-41F4-BB33-D4CED7DE4563}.Release|Any CPU.ActiveCfg = Release|Any CPU
		{F83AC692-C45A-41F4-BB33-D4CED7DE4563}.Release|Any CPU.Build.0 = Release|Any CPU
	EndGlobalSection
	GlobalSection(SolutionProperties) = preSolution
		HideSolutionNode = FALSE
	EndGlobalSection
	GlobalSection(ExtensibilityGlobals) = postSolution
		SolutionGuid = {8E6FE798-D6AC-4780-8A26-49D922D81AAB}
	EndGlobalSection
EndGlobal
